
Microsoft Visual Studio Solution File, Format Version 12.00
# Visual Studio 15
VisualStudioVersion = 15.0.25807.0
MinimumVisualStudioVersion = 10.0.40219.1
Project("{2150E333-8FDC-42A3-9474-1A3956D46DE8}") = "Code", "Code", "{79BE85BF-8CDA-4440-9A43-7556BBB07F96}"
EndProject
Project("{2150E333-8FDC-42A3-9474-1A3956D46DE8}") = "Tests", "Tests", "{B3AC49EA-12D4-42F8-88C5-431A36301B7C}"
EndProject
Project("{FAE04EC0-301F-11D3-BF4B-00C04F79EFBC}") = "PI.Framework.SharePoint", "PI.Framework.SharePoint\PI.Framework.SharePoint.csproj", "{C36F8A0B-031D-42EE-8FDE-F0DDD1583CE3}"
EndProject
Global
	GlobalSection(SolutionConfigurationPlatforms) = preSolution
		Debug|Any CPU = Debug|Any CPU
		Release|Any CPU = Release|Any CPU
	EndGlobalSection
	GlobalSection(ProjectConfigurationPlatforms) = postSolution
		{C36F8A0B-031D-42EE-8FDE-F0DDD1583CE3}.Debug|Any CPU.ActiveCfg = Debug|Any CPU
		{C36F8A0B-031D-42EE-8FDE-F0DDD1583CE3}.Debug|Any CPU.Build.0 = Debug|Any CPU
		{C36F8A0B-031D-42EE-8FDE-F0DDD1583CE3}.Release|Any CPU.ActiveCfg = Release|Any CPU
		{C36F8A0B-031D-42EE-8FDE-F0DDD1583CE3}.Release|Any CPU.Build.0 = Release|Any CPU
	EndGlobalSection
	GlobalSection(SolutionProperties) = preSolution
		HideSolutionNode = FALSE
	EndGlobalSection
	GlobalSection(NestedProjects) = preSolution
		{C36F8A0B-031D-42EE-8FDE-F0DDD1583CE3} = {79BE85BF-8CDA-4440-9A43-7556BBB07F96}
	EndGlobalSection
EndGlobal
